
Microsoft Visual Studio Solution File, Format Version 12.00
# Visual Studio Version 16
VisualStudioVersion = 16.0.29519.87
MinimumVisualStudioVersion = 10.0.40219.1
Project("{FAE04EC0-301F-11D3-BF4B-00C04F79EFBC}") = "JwtUsersAPI", "JwtUsersAPI\JwtUsersAPI.csproj", "{816A3CA6-CACA-4DDA-9A87-48254831BC2B}"
EndProject
Global
	GlobalSection(SolutionConfigurationPlatforms) = preSolution
		Debug|Any CPU = Debug|Any CPU
		Release|Any CPU = Release|Any CPU
	EndGlobalSection
	GlobalSection(ProjectConfigurationPlatforms) = postSolution
		{816A3CA6-CACA-4DDA-9A87-48254831BC2B}.Debug|Any CPU.ActiveCfg = Debug|Any CPU
		{816A3CA6-CACA-4DDA-9A87-48254831BC2B}.Debug|Any CPU.Build.0 = Debug|Any CPU
		{816A3CA6-CACA-4DDA-9A87-48254831BC2B}.Release|Any CPU.ActiveCfg = Release|Any CPU
		{816A3CA6-CACA-4DDA-9A87-48254831BC2B}.Release|Any CPU.Build.0 = Release|Any CPU
	EndGlobalSection
	GlobalSection(SolutionProperties) = preSolution
		HideSolutionNode = FALSE
	EndGlobalSection
	GlobalSection(ExtensibilityGlobals) = postSolution
		SolutionGuid = {930473E5-CED0-4F7C-9BE1-BDC9A77D6161}
	EndGlobalSection
EndGlobal
